
Microsoft Visual Studio Solution File, Format Version 12.00
# Visual Studio Version 16
VisualStudioVersion = 16.0.29519.87
MinimumVisualStudioVersion = 10.0.40219.1
Project("{FAE04EC0-301F-11D3-BF4B-00C04F79EFBC}") = "LineProblem", "LineProblem.csproj", "{428046DE-3705-49D1-84BC-FC665FC4CC2D}"
EndProject
Global
	GlobalSection(SolutionConfigurationPlatforms) = preSolution
		Debug|Any CPU = Debug|Any CPU
		Release|Any CPU = Release|Any CPU
	EndGlobalSection
	GlobalSection(ProjectConfigurationPlatforms) = postSolution
		{428046DE-3705-49D1-84BC-FC665FC4CC2D}.Debug|Any CPU.ActiveCfg = Debug|Any CPU
		{428046DE-3705-49D1-84BC-FC665FC4CC2D}.Debug|Any CPU.Build.0 = Debug|Any CPU
		{428046DE-3705-49D1-84BC-FC665FC4CC2D}.Release|Any CPU.ActiveCfg = Release|Any CPU
		{428046DE-3705-49D1-84BC-FC665FC4CC2D}.Release|Any CPU.Build.0 = Release|Any CPU
	EndGlobalSection
	GlobalSection(SolutionProperties) = preSolution
		HideSolutionNode = FALSE
	EndGlobalSection
	GlobalSection(ExtensibilityGlobals) = postSolution
		SolutionGuid = {1318C860-418D-4165-96A6-48C06C9FD646}
	EndGlobalSection
EndGlobal
